
Microsoft Visual Studio Solution File, Format Version 12.00
# Visual Studio Version 17
VisualStudioVersion = 17.7.34031.279
MinimumVisualStudioVersion = 10.0.40219.1
Project("{FAE04EC0-301F-11D3-BF4B-00C04F79EFBC}") = "ConsoleApp6", "ConsoleApp6.csproj", "{887A8B62-351A-4605-ACF6-C9B036C9C347}"
EndProject
Global
	GlobalSection(SolutionConfigurationPlatforms) = preSolution
		Debug|Any CPU = Debug|Any CPU
		Release|Any CPU = Release|Any CPU
	EndGlobalSection
	GlobalSection(ProjectConfigurationPlatforms) = postSolution
		{887A8B62-351A-4605-ACF6-C9B036C9C347}.Debug|Any CPU.ActiveCfg = Debug|Any CPU
		{887A8B62-351A-4605-ACF6-C9B036C9C347}.Debug|Any CPU.Build.0 = Debug|Any CPU
		{887A8B62-351A-4605-ACF6-C9B036C9C347}.Release|Any CPU.ActiveCfg = Release|Any CPU
		{887A8B62-351A-4605-ACF6-C9B036C9C347}.Release|Any CPU.Build.0 = Release|Any CPU
	EndGlobalSection
	GlobalSection(SolutionProperties) = preSolution
		HideSolutionNode = FALSE
	EndGlobalSection
	GlobalSection(ExtensibilityGlobals) = postSolution
		SolutionGuid = {60A55DB5-9714-415B-BA39-6866652BE862}
	EndGlobalSection
EndGlobal
