
Microsoft Visual Studio Solution File, Format Version 12.00
# Visual Studio Version 17
VisualStudioVersion = 17.7.34031.279
MinimumVisualStudioVersion = 10.0.40219.1
Project("{FAE04EC0-301F-11D3-BF4B-00C04F79EFBC}") = "Elements", "Elements.csproj", "{7EE40DE5-3132-47AC-A6E2-353FFD88D2D9}"
EndProject
Global
	GlobalSection(SolutionConfigurationPlatforms) = preSolution
		Debug|Any CPU = Debug|Any CPU
		Release|Any CPU = Release|Any CPU
	EndGlobalSection
	GlobalSection(ProjectConfigurationPlatforms) = postSolution
		{7EE40DE5-3132-47AC-A6E2-353FFD88D2D9}.Debug|Any CPU.ActiveCfg = Debug|Any CPU
		{7EE40DE5-3132-47AC-A6E2-353FFD88D2D9}.Debug|Any CPU.Build.0 = Debug|Any CPU
		{7EE40DE5-3132-47AC-A6E2-353FFD88D2D9}.Release|Any CPU.ActiveCfg = Release|Any CPU
		{7EE40DE5-3132-47AC-A6E2-353FFD88D2D9}.Release|Any CPU.Build.0 = Release|Any CPU
	EndGlobalSection
	GlobalSection(SolutionProperties) = preSolution
		HideSolutionNode = FALSE
	EndGlobalSection
	GlobalSection(ExtensibilityGlobals) = postSolution
		SolutionGuid = {7EE93159-D0DA-495A-9AA0-AB2049F50FEE}
	EndGlobalSection
EndGlobal
