
Microsoft Visual Studio Solution File, Format Version 12.00
# Visual Studio Version 17
VisualStudioVersion = 17.7.34031.279
MinimumVisualStudioVersion = 10.0.40219.1
Project("{FAE04EC0-301F-11D3-BF4B-00C04F79EFBC}") = "ConsoleApp4", "ConsoleApp4.csproj", "{F5F22F4B-6E2C-4B10-8C46-EFC3874B097C}"
EndProject
Global
	GlobalSection(SolutionConfigurationPlatforms) = preSolution
		Debug|Any CPU = Debug|Any CPU
		Release|Any CPU = Release|Any CPU
	EndGlobalSection
	GlobalSection(ProjectConfigurationPlatforms) = postSolution
		{F5F22F4B-6E2C-4B10-8C46-EFC3874B097C}.Debug|Any CPU.ActiveCfg = Debug|Any CPU
		{F5F22F4B-6E2C-4B10-8C46-EFC3874B097C}.Debug|Any CPU.Build.0 = Debug|Any CPU
		{F5F22F4B-6E2C-4B10-8C46-EFC3874B097C}.Release|Any CPU.ActiveCfg = Release|Any CPU
		{F5F22F4B-6E2C-4B10-8C46-EFC3874B097C}.Release|Any CPU.Build.0 = Release|Any CPU
	EndGlobalSection
	GlobalSection(SolutionProperties) = preSolution
		HideSolutionNode = FALSE
	EndGlobalSection
	GlobalSection(ExtensibilityGlobals) = postSolution
		SolutionGuid = {3ECC6286-0A94-4109-BD51-5C0A51216F8E}
	EndGlobalSection
EndGlobal
